// !$*UTF8*$!
{
	archiveVersion = 1;
	classes = {
	};
	objectVersion = 46;
	objects = {

/* Begin PBXBuildFile section */
		B5FBCAF21B98A3E5007F2E64 /* main.m in Sources */ = {isa = PBXBuildFile; fileRef = B5FBCAF11B98A3E5007F2E64 /* main.m */; };
		B5FBCAF51B98A3E5007F2E64 /* AppDelegate.m in Sources */ = {isa = PBXBuildFile; fileRef = B5FBCAF41B98A3E5007F2E64 /* AppDelegate.m */; };
		B5FBCAF81B98A3E5007F2E64 /* ViewController.m in Sources */ = {isa = PBXBuildFile; fileRef = B5FBCAF71B98A3E5007F2E64 /* ViewController.m */; };
		B5FBCAFB1B98A3E5007F2E64 /* Main.storyboard in Resources */ = {isa = PBXBuildFile; fileRef = B5FBCAF91B98A3E5007F2E64 /* Main.storyboard */; };
		B5FBCAFD1B98A3E5007F2E64 /* Images.xcassets in Resources */ = {isa = PBXBuildFile; fileRef = B5FBCAFC1B98A3E5007F2E64 /* Images.xcassets */; };
		B5FBCB001B98A3E5007F2E64 /* LaunchScreen.xib in Resources */ = {isa = PBXBuildFile; fileRef = B5FBCAFE1B98A3E5007F2E64 /* LaunchScreen.xib */; };
		B5FBCB0C1B98A3E5007F2E64 /* ObjCExampleTests.m in Sources */ = {isa = PBXBuildFile; fileRef = B5FBCB0B1B98A3E5007F2E64 /* ObjCExampleTests.m */; };
/* End PBXBuildFile section */

/* Begin PBXContainerItemProxy section */
		B5FBCB061B98A3E5007F2E64 /* PBXContainerItemProxy */ = {
			isa = PBXContainerItemProxy;
			containerPortal = B5FBCAE41B98A3E5007F2E64 /* Project object */;
			proxyType = 1;
			remoteGlobalIDString = B5FBCAEB1B98A3E5007F2E64;
			remoteInfo = ObjCExample;
		};
/* End PBXContainerItemProxy section */

/* Begin PBXFileReference section */
		B5FBCAEC1B98A3E5007F2E64 /* ObjCExample.app */ = {isa = PBXFileReference; explicitFileType = wrapper.application; includeInIndex = 0; path = ObjCExample.app; sourceTree = BUILT_PRODUCTS_DIR; };
		B5FBCAF01B98A3E5007F2E64 /* Info.plist */ = {isa = PBXFileReference; lastKnownFileType = text.plist.xml; path = Info.plist; sourceTree = "<group>"; };
		B5FBCAF11B98A3E5007F2E64 /* main.m */ = {isa = PBXFileReference; lastKnownFileType = sourcecode.c.objc; path = main.m; sourceTree = "<group>"; };
		B5FBCAF31B98A3E5007F2E64 /* AppDelegate.h */ = {isa = PBXFileReference; lastKnownFileType = sourcecode.c.h; path = AppDelegate.h; sourceTree = "<group>"; };
		B5FBCAF41B98A3E5007F2E64 /* AppDelegate.m */ = {isa = PBXFileReference; lastKnownFileType = sourcecode.c.objc; path = AppDelegate.m; sourceTree = "<group>"; };
		B5FBCAF61B98A3E5007F2E64 /* ViewController.h */ = {isa = PBXFileReference; lastKnownFileType = sourcecode.c.h; path = ViewController.h; sourceTree = "<group>"; };
		B5FBCAF71B98A3E5007F2E64 /* ViewController.m */ = {isa = PBXFileReference; lastKnownFileType = sourcecode.c.objc; path = ViewController.m; sourceTree = "<group>"; };
		B5FBCAFA1B98A3E5007F2E64 /* Base */ = {isa = PBXFileReference; lastKnownFileType = file.storyboard; name = Base; path = Base.lproj/Main.storyboard; sourceTree = "<group>"; };
		B5FBCAFC1B98A3E5007F2E64 /* Images.xcassets */ = {isa = PBXFileReference; lastKnownFileType = folder.assetcatalog; path = Images.xcassets; sourceTree = "<group>"; };
		B5FBCAFF1B98A3E5007F2E64 /* Base */ = {isa = PBXFileReference; lastKnownFileType = file.xib; name = Base; path = Base.lproj/LaunchScreen.xib; sourceTree = "<group>"; };
		B5FBCB051B98A3E5007F2E64 /* ObjCExampleTests.xctest */ = {isa = PBXFileReference; explicitFileType = wrapper.cfbundle; includeInIndex = 0; path = ObjCExampleTests.xctest; sourceTree = BUILT_PRODUCTS_DIR; };
		B5FBCB0A1B98A3E5007F2E64 /* Info.plist */ = {isa = PBXFileReference; lastKnownFileType = text.plist.xml; path = Info.plist; sourceTree = "<group>"; };
		B5FBCB0B1B98A3E5007F2E64 /* ObjCExampleTests.m */ = {isa = PBXFileReference; lastKnownFileType = sourcecode.c.objc; path = ObjCExampleTests.m; sourceTree = "<group>"; };
/* End PBXFileReference section */

/* Begin PBXFrameworksBuildPhase section */
		B5FBCAE91B98A3E5007F2E64 /* Frameworks */ = {
			isa = PBXFrameworksBuildPhase;
			buildActionMask = 2147483647;
			files = (
			);
			runOnlyForDeploymentPostprocessing = 0;
		};
		B5FBCB021B98A3E5007F2E64 /* Frameworks */ = {
			isa = PBXFrameworksBuildPhase;
			buildActionMask = 2147483647;
			files = (
			);
			runOnlyForDeploymentPostprocessing = 0;
		};
/* End PBXFrameworksBuildPhase section */

/* Begin PBXGroup section */
		B5FBCAE31B98A3E5007F2E64 = {
			isa = PBXGroup;
			children = (
				B5FBCAEE1B98A3E5007F2E64 /* ObjCExample */,
				B5FBCB081B98A3E5007F2E64 /* ObjCExampleTests */,
				B5FBCAED1B98A3E5007F2E64 /* Products */,
			);
			sourceTree = "<group>";
		};
		B5FBCAED1B98A3E5007F2E64 /* Products */ = {
			isa = PBXGroup;
			children = (
				B5FBCAEC1B98A3E5007F2E64 /* ObjCExample.app */,
				B5FBCB051B98A3E5007F2E64 /* ObjCExampleTests.xctest */,
			);
			name = Products;
			sourceTree = "<group>";
		};
		B5FBCAEE1B98A3E5007F2E64 /* ObjCExample */ = {
			isa = PBXGroup;
			children = (
				B5FBCAF31B98A3E5007F2E64 /* AppDelegate.h */,
				B5FBCAF41B98A3E5007F2E64 /* AppDelegate.m */,
				B5FBCAF61B98A3E5007F2E64 /* ViewController.h */,
				B5FBCAF71B98A3E5007F2E64 /* ViewController.m */,
				B5FBCAF91B98A3E5007F2E64 /* Main.storyboard */,
				B5FBCAFC1B98A3E5007F2E64 /* Images.xcassets */,
				B5FBCAFE1B98A3E5007F2E64 /* LaunchScreen.xib */,
				B5FBCAEF1B98A3E5007F2E64 /* Supporting Files */,
			);
			path = ObjCExample;
			sourceTree = "<group>";
		};
		B5FBCAEF1B98A3E5007F2E64 /* Supporting Files */ = {
			isa = PBXGroup;
			children = (
				B5FBCAF01B98A3E5007F2E64 /* Info.plist */,
				B5FBCAF11B98A3E5007F2E64 /* main.m */,
			);
			name = "Supporting Files";
			sourceTree = "<group>";
		};
		B5FBCB081B98A3E5007F2E64 /* ObjCExampleTests */ = {
			isa = PBXGroup;
			children = (
				B5FBCB0B1B98A3E5007F2E64 /* ObjCExampleTests.m */,
				B5FBCB091B98A3E5007F2E64 /* Supporting Files */,
			);
			path = ObjCExampleTests;
			sourceTree = "<group>";
		};
		B5FBCB091B98A3E5007F2E64 /* Supporting Files */ = {
			isa = PBXGroup;
			children = (
				B5FBCB0A1B98A3E5007F2E64 /* Info.plist */,
			);
			name = "Supporting Files";
			sourceTree = "<group>";
		};
/* End PBXGroup section */

/* Begin PBXNativeTarget section */
		B5FBCAEB1B98A3E5007F2E64 /* ObjCExample */ = {
			isa = PBXNativeTarget;
			buildConfigurationList = B5FBCB0F1B98A3E5007F2E64 /* Build configuration list for PBXNativeTarget "ObjCExample" */;
			buildPhases = (
				B5FBCAE81B98A3E5007F2E64 /* Sources */,
				B5FBCAE91B98A3E5007F2E64 /* Frameworks */,
				B5FBCAEA1B98A3E5007F2E64 /* Resources */,
			);
			buildRules = (
			);
			dependencies = (
			);
			name = ObjCExample;
			productName = ObjCExample;
			productReference = B5FBCAEC1B98A3E5007F2E64 /* ObjCExample.app */;
			productType = "com.apple.product-type.application";
		};
		B5FBCB041B98A3E5007F2E64 /* ObjCExampleTests */ = {
			isa = PBXNativeTarget;
			buildConfigurationList = B5FBCB121B98A3E5007F2E64 /* Build configuration list for PBXNativeTarget "ObjCExampleTests" */;
			buildPhases = (
				B5FBCB011B98A3E5007F2E64 /* Sources */,
				B5FBCB021B98A3E5007F2E64 /* Frameworks */,
				B5FBCB031B98A3E5007F2E64 /* Resources */,
			);
			buildRules = (
			);
			dependencies = (
				B5FBCB071B98A3E5007F2E64 /* PBXTargetDependency */,
			);
			name = ObjCExampleTests;
			productName = ObjCExampleTests;
			productReference = B5FBCB051B98A3E5007F2E64 /* ObjCExampleTests.xctest */;
			productType = "com.apple.product-type.bundle.unit-test";
		};
/* End PBXNativeTarget section */

/* Begin PBXProject section */
		B5FBCAE41B98A3E5007F2E64 /* Project object */ = {
			isa = PBXProject;
			attributes = {
				LastUpgradeCheck = 0640;
				ORGANIZATIONNAME = Adzerk;
				TargetAttributes = {
					B5FBCAEB1B98A3E5007F2E64 = {
						CreatedOnToolsVersion = 6.4;
					};
					B5FBCB041B98A3E5007F2E64 = {
						CreatedOnToolsVersion = 6.4;
						TestTargetID = B5FBCAEB1B98A3E5007F2E64;
					};
				};
			};
			buildConfigurationList = B5FBCAE71B98A3E5007F2E64 /* Build configuration list for PBXProject "ObjCExample" */;
			compatibilityVersion = "Xcode 3.2";
			developmentRegion = English;
			hasScannedForEncodings = 0;
			knownRegions = (
				en,
				Base,
			);
			mainGroup = B5FBCAE31B98A3E5007F2E64;
			productRefGroup = B5FBCAED1B98A3E5007F2E64 /* Products */;
			projectDirPath = "";
			projectRoot = "";
			targets = (
				B5FBCAEB1B98A3E5007F2E64 /* ObjCExample */,
				B5FBCB041B98A3E5007F2E64 /* ObjCExampleTests */,
			);
		};
/* End PBXProject section */

/* Begin PBXResourcesBuildPhase section */
		B5FBCAEA1B98A3E5007F2E64 /* Resources */ = {
			isa = PBXResourcesBuildPhase;
			buildActionMask = 2147483647;
			files = (
				B5FBCAFB1B98A3E5007F2E64 /* Main.storyboard in Resources */,
				B5FBCB001B98A3E5007F2E64 /* LaunchScreen.xib in Resources */,
				B5FBCAFD1B98A3E5007F2E64 /* Images.xcassets in Resources */,
			);
			runOnlyForDeploymentPostprocessing = 0;
		};
		B5FBCB031B98A3E5007F2E64 /* Resources */ = {
			isa = PBXResourcesBuildPhase;
			buildActionMask = 2147483647;
			files = (
			);
			runOnlyForDeploymentPostprocessing = 0;
		};
/* End PBXResourcesBuildPhase section */

/* Begin PBXSourcesBuildPhase section */
		B5FBCAE81B98A3E5007F2E64 /* Sources */ = {
			isa = PBXSourcesBuildPhase;
			buildActionMask = 2147483647;
			files = (
				B5FBCAF81B98A3E5007F2E64 /* ViewController.m in Sources */,
				B5FBCAF51B98A3E5007F2E64 /* AppDelegate.m in Sources */,
				B5FBCAF21B98A3E5007F2E64 /* main.m in Sources */,
			);
			runOnlyForDeploymentPostprocessing = 0;
		};
		B5FBCB011B98A3E5007F2E64 /* Sources */ = {
			isa = PBXSourcesBuildPhase;
			buildActionMask = 2147483647;
			files = (
				B5FBCB0C1B98A3E5007F2E64 /* ObjCExampleTests.m in Sources */,
			);
			runOnlyForDeploymentPostprocessing = 0;
		};
/* End PBXSourcesBuildPhase section */

/* Begin PBXTargetDependency section */
		B5FBCB071B98A3E5007F2E64 /* PBXTargetDependency */ = {
			isa = PBXTargetDependency;
			target = B5FBCAEB1B98A3E5007F2E64 /* ObjCExample */;
			targetProxy = B5FBCB061B98A3E5007F2E64 /* PBXContainerItemProxy */;
		};
/* End PBXTargetDependency section */

/* Begin PBXVariantGroup section */
		B5FBCAF91B98A3E5007F2E64 /* Main.storyboard */ = {
			isa = PBXVariantGroup;
			children = (
				B5FBCAFA1B98A3E5007F2E64 /* Base */,
			);
			name = Main.storyboard;
			sourceTree = "<group>";
		};
		B5FBCAFE1B98A3E5007F2E64 /* LaunchScreen.xib */ = {
			isa = PBXVariantGroup;
			children = (
				B5FBCAFF1B98A3E5007F2E64 /* Base */,
			);
			name = LaunchScreen.xib;
			sourceTree = "<group>";
		};
/* End PBXVariantGroup section */

/* Begin XCBuildConfiguration section */
		B5FBCB0D1B98A3E5007F2E64 /* Debug */ = {
			isa = XCBuildConfiguration;
			buildSettings = {
				ALWAYS_SEARCH_USER_PATHS = NO;
				CLANG_CXX_LANGUAGE_STANDARD = "gnu++0x";
				CLANG_CXX_LIBRARY = "libc++";
				CLANG_ENABLE_MODULES = YES;
				CLANG_ENABLE_OBJC_ARC = YES;
				CLANG_WARN_BOOL_CONVERSION = YES;
				CLANG_WARN_CONSTANT_CONVERSION = YES;
				CLANG_WARN_DIRECT_OBJC_ISA_USAGE = YES_ERROR;
				CLANG_WARN_EMPTY_BODY = YES;
				CLANG_WARN_ENUM_CONVERSION = YES;
				CLANG_WARN_INT_CONVERSION = YES;
				CLANG_WARN_OBJC_ROOT_CLASS = YES_ERROR;
				CLANG_WARN_UNREACHABLE_CODE = YES;
				CLANG_WARN__DUPLICATE_METHOD_MATCH = YES;
				"CODE_SIGN_IDENTITY[sdk=iphoneos*]" = "iPhone Developer";
				COPY_PHASE_STRIP = NO;
				DEBUG_INFORMATION_FORMAT = "dwarf-with-dsym";
				ENABLE_STRICT_OBJC_MSGSEND = YES;
				GCC_C_LANGUAGE_STANDARD = gnu99;
				GCC_DYNAMIC_NO_PIC = NO;
				GCC_NO_COMMON_BLOCKS = YES;
				GCC_OPTIMIZATION_LEVEL = 0;
				GCC_PREPROCESSOR_DEFINITIONS = (
					"DEBUG=1",
					"$(inherited)",
				);
				GCC_SYMBOLS_PRIVATE_EXTERN = NO;
				GCC_WARN_64_TO_32_BIT_CONVERSION = YES;
				GCC_WARN_ABOUT_RETURN_TYPE = YES_ERROR;
				GCC_WARN_UNDECLARED_SELECTOR = YES;
				GCC_WARN_UNINITIALIZED_AUTOS = YES_AGGRESSIVE;
				GCC_WARN_UNUSED_FUNCTION = YES;
				GCC_WARN_UNUSED_VARIABLE = YES;
				IPHONEOS_DEPLOYMENT_TARGET = 8.4;
				MTL_ENABLE_DEBUG_INFO = YES;
				ONLY_ACTIVE_ARCH = YES;
				SDKROOT = iphoneos;
			};
			name = Debug;
		};
		B5FBCB0E1B98A3E5007F2E64 /* Release */ = {
			isa = XCBuildConfiguration;
			buildSettings = {
				ALWAYS_SEARCH_USER_PATHS = NO;
				CLANG_CXX_LANGUAGE_STANDARD = "gnu++0x";
				CLANG_CXX_LIBRARY = "libc++";
				CLANG_ENABLE_MODULES = YES;
				CLANG_ENABLE_OBJC_ARC = YES;
				CLANG_WARN_BOOL_CONVERSION = YES;
				CLANG_WARN_CONSTANT_CONVERSION = YES;
				CLANG_WARN_DIRECT_OBJC_ISA_USAGE = YES_ERROR;
				CLANG_WARN_EMPTY_BODY = YES;
				CLANG_WARN_ENUM_CONVERSION = YES;
				CLANG_WARN_INT_CONVERSION = YES;
				CLANG_WARN_OBJC_ROOT_CLASS = YES_ERROR;
				CLANG_WARN_UNREACHABLE_CODE = YES;
				CLANG_WARN__DUPLICATE_METHOD_MATCH = YES;
				"CODE_SIGN_IDENTITY[sdk=iphoneos*]" = "iPhone Developer";
				COPY_PHASE_STRIP = NO;
				DEBUG_INFORMATION_FORMAT = "dwarf-with-dsym";
				ENABLE_NS_ASSERTIONS = NO;
				ENABLE_STRICT_OBJC_MSGSEND = YES;
				GCC_C_LANGUAGE_STANDARD = gnu99;
				GCC_NO_COMMON_BLOCKS = YES;
				GCC_WARN_64_TO_32_BIT_CONVERSION = YES;
				GCC_WARN_ABOUT_RETURN_TYPE = YES_ERROR;
				GCC_WARN_UNDECLARED_SELECTOR = YES;
				GCC_WARN_UNINITIALIZED_AUTOS = YES_AGGRESSIVE;
				GCC_WARN_UNUSED_FUNCTION = YES;
				GCC_WARN_UNUSED_VARIABLE = YES;
				IPHONEOS_DEPLOYMENT_TARGET = 8.4;
				MTL_ENABLE_DEBUG_INFO = NO;
				SDKROOT = iphoneos;
				VALIDATE_PRODUCT = YES;
			};
			name = Release;
		};
		B5FBCB101B98A3E5007F2E64 /* Debug */ = {
			isa = XCBuildConfiguration;
			buildSettings = {
				ASSETCATALOG_COMPILER_APPICON_NAME = AppIcon;
				FRAMEWORK_SEARCH_PATHS = (
					"$(inherited)",
					"/Users/ben/projects/adzerk-ios/AdzerkSDK/build/Debug-iphoneos",
				);
				INFOPLIST_FILE = ObjCExample/Info.plist;
				LD_RUNPATH_SEARCH_PATHS = "$(inherited) @executable_path/Frameworks";
				PRODUCT_NAME = "$(TARGET_NAME)";
			};
			name = Debug;
		};
		B5FBCB111B98A3E5007F2E64 /* Release */ = {
			isa = XCBuildConfiguration;
			buildSettings = {
				ASSETCATALOG_COMPILER_APPICON_NAME = AppIcon;
				FRAMEWORK_SEARCH_PATHS = (
					"$(inherited)",
					"/Users/ben/projects/adzerk-ios/AdzerkSDK/build/Debug-iphoneos",
				);
				INFOPLIST_FILE = ObjCExample/Info.plist;
				LD_RUNPATH_SEARCH_PATHS = "$(inherited) @executable_path/Frameworks";
				PRODUCT_NAME = "$(TARGET_NAME)";
			};
			name = Release;
		};
		B5FBCB131B98A3E5007F2E64 /* Debug */ = {
			isa = XCBuildConfiguration;
			buildSettings = {
				BUNDLE_LOADER = "$(TEST_HOST)";
				FRAMEWORK_SEARCH_PATHS = (
					"$(SDKROOT)/Developer/Library/Frameworks",
					"$(inherited)",
				);
				GCC_PREPROCESSOR_DEFINITIONS = (
					"DEBUG=1",
					"$(inherited)",
				);
				INFOPLIST_FILE = ObjCExampleTests/Info.plist;
				LD_RUNPATH_SEARCH_PATHS = "$(inherited) @executable_path/Frameworks @loader_path/Frameworks";
				PRODUCT_NAME = "$(TARGET_NAME)";
				TEST_HOST = "$(BUILT_PRODUCTS_DIR)/ObjCExample.app/ObjCExample";
			};
			name = Debug;
		};
		B5FBCB141B98A3E5007F2E64 /* Release */ = {
			isa = XCBuildConfiguration;
			buildSettings = {
				BUNDLE_LOADER = "$(TEST_HOST)";
				FRAMEWORK_SEARCH_PATHS = (
					"$(SDKROOT)/Developer/Library/Frameworks",
					"$(inherited)",
				);
				INFOPLIST_FILE = ObjCExampleTests/Info.plist;
				LD_RUNPATH_SEARCH_PATHS = "$(inherited) @executable_path/Frameworks @loader_path/Frameworks";
				PRODUCT_NAME = "$(TARGET_NAME)";
				TEST_HOST = "$(BUILT_PRODUCTS_DIR)/ObjCExample.app/ObjCExample";
			};
			name = Release;
		};
/* End XCBuildConfiguration section */

/* Begin XCConfigurationList section */
		B5FBCAE71B98A3E5007F2E64 /* Build configuration list for PBXProject "ObjCExample" */ = {
			isa = XCConfigurationList;
			buildConfigurations = (
				B5FBCB0D1B98A3E5007F2E64 /* Debug */,
				B5FBCB0E1B98A3E5007F2E64 /* Release */,
			);
			defaultConfigurationIsVisible = 0;
			defaultConfigurationName = Release;
		};
		B5FBCB0F1B98A3E5007F2E64 /* Build configuration list for PBXNativeTarget "ObjCExample" */ = {
			isa = XCConfigurationList;
			buildConfigurations = (
				B5FBCB101B98A3E5007F2E64 /* Debug */,
				B5FBCB111B98A3E5007F2E64 /* Release */,
			);
			defaultConfigurationIsVisible = 0;
		};
		B5FBCB121B98A3E5007F2E64 /* Build configuration list for PBXNativeTarget "ObjCExampleTests" */ = {
			isa = XCConfigurationList;
			buildConfigurations = (
				B5FBCB131B98A3E5007F2E64 /* Debug */,
				B5FBCB141B98A3E5007F2E64 /* Release */,
			);
			defaultConfigurationIsVisible = 0;
		};
/* End XCConfigurationList section */
	};
	rootObject = B5FBCAE41B98A3E5007F2E64 /* Project object */;
}
