// !$*UTF8*$!
{
	archiveVersion = 1;
	classes = {
	};
	objectVersion = 46;
	objects = {

/* Begin PBXBuildFile section */
		B5C89DF11B78ECF0003CA162 /* AppDelegate.swift in Sources */ = {isa = PBXBuildFile; fileRef = B5C89DF01B78ECF0003CA162 /* AppDelegate.swift */; };
		B5C89DF31B78ECF0003CA162 /* ViewController.swift in Sources */ = {isa = PBXBuildFile; fileRef = B5C89DF21B78ECF0003CA162 /* ViewController.swift */; };
		B5C89DF61B78ECF0003CA162 /* Main.storyboard in Resources */ = {isa = PBXBuildFile; fileRef = B5C89DF41B78ECF0003CA162 /* Main.storyboard */; };
		B5C89DF81B78ECF0003CA162 /* Images.xcassets in Resources */ = {isa = PBXBuildFile; fileRef = B5C89DF71B78ECF0003CA162 /* Images.xcassets */; };
		B5C89DFB1B78ECF0003CA162 /* LaunchScreen.xib in Resources */ = {isa = PBXBuildFile; fileRef = B5C89DF91B78ECF0003CA162 /* LaunchScreen.xib */; };
		B5C89E071B78ECF0003CA162 /* SampleAppTests.swift in Sources */ = {isa = PBXBuildFile; fileRef = B5C89E061B78ECF0003CA162 /* SampleAppTests.swift */; };
/* End PBXBuildFile section */

/* Begin PBXContainerItemProxy section */
		B5C89E011B78ECF0003CA162 /* PBXContainerItemProxy */ = {
			isa = PBXContainerItemProxy;
			containerPortal = B5C89DE31B78ECF0003CA162 /* Project object */;
			proxyType = 1;
			remoteGlobalIDString = B5C89DEA1B78ECF0003CA162;
			remoteInfo = SampleApp;
		};
/* End PBXContainerItemProxy section */

/* Begin PBXFileReference section */
		B5C89DEB1B78ECF0003CA162 /* SampleApp.app */ = {isa = PBXFileReference; explicitFileType = wrapper.application; includeInIndex = 0; path = SampleApp.app; sourceTree = BUILT_PRODUCTS_DIR; };
		B5C89DEF1B78ECF0003CA162 /* Info.plist */ = {isa = PBXFileReference; lastKnownFileType = text.plist.xml; path = Info.plist; sourceTree = "<group>"; };
		B5C89DF01B78ECF0003CA162 /* AppDelegate.swift */ = {isa = PBXFileReference; lastKnownFileType = sourcecode.swift; path = AppDelegate.swift; sourceTree = "<group>"; };
		B5C89DF21B78ECF0003CA162 /* ViewController.swift */ = {isa = PBXFileReference; lastKnownFileType = sourcecode.swift; path = ViewController.swift; sourceTree = "<group>"; };
		B5C89DF51B78ECF0003CA162 /* Base */ = {isa = PBXFileReference; lastKnownFileType = file.storyboard; name = Base; path = Base.lproj/Main.storyboard; sourceTree = "<group>"; };
		B5C89DF71B78ECF0003CA162 /* Images.xcassets */ = {isa = PBXFileReference; lastKnownFileType = folder.assetcatalog; path = Images.xcassets; sourceTree = "<group>"; };
		B5C89DFA1B78ECF0003CA162 /* Base */ = {isa = PBXFileReference; lastKnownFileType = file.xib; name = Base; path = Base.lproj/LaunchScreen.xib; sourceTree = "<group>"; };
		B5C89E001B78ECF0003CA162 /* SampleAppTests.xctest */ = {isa = PBXFileReference; explicitFileType = wrapper.cfbundle; includeInIndex = 0; path = SampleAppTests.xctest; sourceTree = BUILT_PRODUCTS_DIR; };
		B5C89E051B78ECF0003CA162 /* Info.plist */ = {isa = PBXFileReference; lastKnownFileType = text.plist.xml; path = Info.plist; sourceTree = "<group>"; };
		B5C89E061B78ECF0003CA162 /* SampleAppTests.swift */ = {isa = PBXFileReference; lastKnownFileType = sourcecode.swift; path = SampleAppTests.swift; sourceTree = "<group>"; };
/* End PBXFileReference section */

/* Begin PBXFrameworksBuildPhase section */
		B5C89DE81B78ECF0003CA162 /* Frameworks */ = {
			isa = PBXFrameworksBuildPhase;
			buildActionMask = 2147483647;
			files = (
			);
			runOnlyForDeploymentPostprocessing = 0;
		};
		B5C89DFD1B78ECF0003CA162 /* Frameworks */ = {
			isa = PBXFrameworksBuildPhase;
			buildActionMask = 2147483647;
			files = (
			);
			runOnlyForDeploymentPostprocessing = 0;
		};
/* End PBXFrameworksBuildPhase section */

/* Begin PBXGroup section */
		B5C89DE21B78ECF0003CA162 = {
			isa = PBXGroup;
			children = (
				B5C89DED1B78ECF0003CA162 /* SampleApp */,
				B5C89E031B78ECF0003CA162 /* SampleAppTests */,
				B5C89DEC1B78ECF0003CA162 /* Products */,
			);
			sourceTree = "<group>";
		};
		B5C89DEC1B78ECF0003CA162 /* Products */ = {
			isa = PBXGroup;
			children = (
				B5C89DEB1B78ECF0003CA162 /* SampleApp.app */,
				B5C89E001B78ECF0003CA162 /* SampleAppTests.xctest */,
			);
			name = Products;
			sourceTree = "<group>";
		};
		B5C89DED1B78ECF0003CA162 /* SampleApp */ = {
			isa = PBXGroup;
			children = (
				B5C89DF01B78ECF0003CA162 /* AppDelegate.swift */,
				B5C89DF21B78ECF0003CA162 /* ViewController.swift */,
				B5C89DF41B78ECF0003CA162 /* Main.storyboard */,
				B5C89DF71B78ECF0003CA162 /* Images.xcassets */,
				B5C89DF91B78ECF0003CA162 /* LaunchScreen.xib */,
				B5C89DEE1B78ECF0003CA162 /* Supporting Files */,
			);
			path = SampleApp;
			sourceTree = "<group>";
		};
		B5C89DEE1B78ECF0003CA162 /* Supporting Files */ = {
			isa = PBXGroup;
			children = (
				B5C89DEF1B78ECF0003CA162 /* Info.plist */,
			);
			name = "Supporting Files";
			sourceTree = "<group>";
		};
		B5C89E031B78ECF0003CA162 /* SampleAppTests */ = {
			isa = PBXGroup;
			children = (
				B5C89E061B78ECF0003CA162 /* SampleAppTests.swift */,
				B5C89E041B78ECF0003CA162 /* Supporting Files */,
			);
			path = SampleAppTests;
			sourceTree = "<group>";
		};
		B5C89E041B78ECF0003CA162 /* Supporting Files */ = {
			isa = PBXGroup;
			children = (
				B5C89E051B78ECF0003CA162 /* Info.plist */,
			);
			name = "Supporting Files";
			sourceTree = "<group>";
		};
/* End PBXGroup section */

/* Begin PBXNativeTarget section */
		B5C89DEA1B78ECF0003CA162 /* SampleApp */ = {
			isa = PBXNativeTarget;
			buildConfigurationList = B5C89E0A1B78ECF0003CA162 /* Build configuration list for PBXNativeTarget "SampleApp" */;
			buildPhases = (
				B5C89DE71B78ECF0003CA162 /* Sources */,
				B5C89DE81B78ECF0003CA162 /* Frameworks */,
				B5C89DE91B78ECF0003CA162 /* Resources */,
			);
			buildRules = (
			);
			dependencies = (
			);
			name = SampleApp;
			productName = SampleApp;
			productReference = B5C89DEB1B78ECF0003CA162 /* SampleApp.app */;
			productType = "com.apple.product-type.application";
		};
		B5C89DFF1B78ECF0003CA162 /* SampleAppTests */ = {
			isa = PBXNativeTarget;
			buildConfigurationList = B5C89E0D1B78ECF0003CA162 /* Build configuration list for PBXNativeTarget "SampleAppTests" */;
			buildPhases = (
				B5C89DFC1B78ECF0003CA162 /* Sources */,
				B5C89DFD1B78ECF0003CA162 /* Frameworks */,
				B5C89DFE1B78ECF0003CA162 /* Resources */,
			);
			buildRules = (
			);
			dependencies = (
				B5C89E021B78ECF0003CA162 /* PBXTargetDependency */,
			);
			name = SampleAppTests;
			productName = SampleAppTests;
			productReference = B5C89E001B78ECF0003CA162 /* SampleAppTests.xctest */;
			productType = "com.apple.product-type.bundle.unit-test";
		};
/* End PBXNativeTarget section */

/* Begin PBXProject section */
		B5C89DE31B78ECF0003CA162 /* Project object */ = {
			isa = PBXProject;
			attributes = {
				LastSwiftUpdateCheck = 0700;
				LastUpgradeCheck = 0640;
				ORGANIZATIONNAME = Adzerk;
				TargetAttributes = {
					B5C89DEA1B78ECF0003CA162 = {
						CreatedOnToolsVersion = 6.4;
					};
					B5C89DFF1B78ECF0003CA162 = {
						CreatedOnToolsVersion = 6.4;
						TestTargetID = B5C89DEA1B78ECF0003CA162;
					};
				};
			};
			buildConfigurationList = B5C89DE61B78ECF0003CA162 /* Build configuration list for PBXProject "SampleApp" */;
			compatibilityVersion = "Xcode 3.2";
			developmentRegion = English;
			hasScannedForEncodings = 0;
			knownRegions = (
				en,
				Base,
			);
			mainGroup = B5C89DE21B78ECF0003CA162;
			productRefGroup = B5C89DEC1B78ECF0003CA162 /* Products */;
			projectDirPath = "";
			projectRoot = "";
			targets = (
				B5C89DEA1B78ECF0003CA162 /* SampleApp */,
				B5C89DFF1B78ECF0003CA162 /* SampleAppTests */,
			);
		};
/* End PBXProject section */

/* Begin PBXResourcesBuildPhase section */
		B5C89DE91B78ECF0003CA162 /* Resources */ = {
			isa = PBXResourcesBuildPhase;
			buildActionMask = 2147483647;
			files = (
				B5C89DF61B78ECF0003CA162 /* Main.storyboard in Resources */,
				B5C89DFB1B78ECF0003CA162 /* LaunchScreen.xib in Resources */,
				B5C89DF81B78ECF0003CA162 /* Images.xcassets in Resources */,
			);
			runOnlyForDeploymentPostprocessing = 0;
		};
		B5C89DFE1B78ECF0003CA162 /* Resources */ = {
			isa = PBXResourcesBuildPhase;
			buildActionMask = 2147483647;
			files = (
			);
			runOnlyForDeploymentPostprocessing = 0;
		};
/* End PBXResourcesBuildPhase section */

/* Begin PBXSourcesBuildPhase section */
		B5C89DE71B78ECF0003CA162 /* Sources */ = {
			isa = PBXSourcesBuildPhase;
			buildActionMask = 2147483647;
			files = (
				B5C89DF31B78ECF0003CA162 /* ViewController.swift in Sources */,
				B5C89DF11B78ECF0003CA162 /* AppDelegate.swift in Sources */,
			);
			runOnlyForDeploymentPostprocessing = 0;
		};
		B5C89DFC1B78ECF0003CA162 /* Sources */ = {
			isa = PBXSourcesBuildPhase;
			buildActionMask = 2147483647;
			files = (
				B5C89E071B78ECF0003CA162 /* SampleAppTests.swift in Sources */,
			);
			runOnlyForDeploymentPostprocessing = 0;
		};
/* End PBXSourcesBuildPhase section */

/* Begin PBXTargetDependency section */
		B5C89E021B78ECF0003CA162 /* PBXTargetDependency */ = {
			isa = PBXTargetDependency;
			target = B5C89DEA1B78ECF0003CA162 /* SampleApp */;
			targetProxy = B5C89E011B78ECF0003CA162 /* PBXContainerItemProxy */;
		};
/* End PBXTargetDependency section */

/* Begin PBXVariantGroup section */
		B5C89DF41B78ECF0003CA162 /* Main.storyboard */ = {
			isa = PBXVariantGroup;
			children = (
				B5C89DF51B78ECF0003CA162 /* Base */,
			);
			name = Main.storyboard;
			sourceTree = "<group>";
		};
		B5C89DF91B78ECF0003CA162 /* LaunchScreen.xib */ = {
			isa = PBXVariantGroup;
			children = (
				B5C89DFA1B78ECF0003CA162 /* Base */,
			);
			name = LaunchScreen.xib;
			sourceTree = "<group>";
		};
/* End PBXVariantGroup section */

/* Begin XCBuildConfiguration section */
		B5C89E081B78ECF0003CA162 /* Debug */ = {
			isa = XCBuildConfiguration;
			buildSettings = {
				ALWAYS_SEARCH_USER_PATHS = NO;
				CLANG_CXX_LANGUAGE_STANDARD = "gnu++0x";
				CLANG_CXX_LIBRARY = "libc++";
				CLANG_ENABLE_MODULES = YES;
				CLANG_ENABLE_OBJC_ARC = YES;
				CLANG_WARN_BOOL_CONVERSION = YES;
				CLANG_WARN_CONSTANT_CONVERSION = YES;
				CLANG_WARN_DIRECT_OBJC_ISA_USAGE = YES_ERROR;
				CLANG_WARN_EMPTY_BODY = YES;
				CLANG_WARN_ENUM_CONVERSION = YES;
				CLANG_WARN_INT_CONVERSION = YES;
				CLANG_WARN_OBJC_ROOT_CLASS = YES_ERROR;
				CLANG_WARN_UNREACHABLE_CODE = YES;
				CLANG_WARN__DUPLICATE_METHOD_MATCH = YES;
				"CODE_SIGN_IDENTITY[sdk=iphoneos*]" = "iPhone Developer";
				COPY_PHASE_STRIP = NO;
				DEBUG_INFORMATION_FORMAT = "dwarf-with-dsym";
				ENABLE_STRICT_OBJC_MSGSEND = YES;
				GCC_C_LANGUAGE_STANDARD = gnu99;
				GCC_DYNAMIC_NO_PIC = NO;
				GCC_NO_COMMON_BLOCKS = YES;
				GCC_OPTIMIZATION_LEVEL = 0;
				GCC_PREPROCESSOR_DEFINITIONS = (
					"DEBUG=1",
					"$(inherited)",
				);
				GCC_SYMBOLS_PRIVATE_EXTERN = NO;
				GCC_WARN_64_TO_32_BIT_CONVERSION = YES;
				GCC_WARN_ABOUT_RETURN_TYPE = YES_ERROR;
				GCC_WARN_UNDECLARED_SELECTOR = YES;
				GCC_WARN_UNINITIALIZED_AUTOS = YES_AGGRESSIVE;
				GCC_WARN_UNUSED_FUNCTION = YES;
				GCC_WARN_UNUSED_VARIABLE = YES;
				IPHONEOS_DEPLOYMENT_TARGET = 8.4;
				MTL_ENABLE_DEBUG_INFO = YES;
				ONLY_ACTIVE_ARCH = YES;
				SDKROOT = iphoneos;
				SWIFT_OPTIMIZATION_LEVEL = "-Onone";
			};
			name = Debug;
		};
		B5C89E091B78ECF0003CA162 /* Release */ = {
			isa = XCBuildConfiguration;
			buildSettings = {
				ALWAYS_SEARCH_USER_PATHS = NO;
				CLANG_CXX_LANGUAGE_STANDARD = "gnu++0x";
				CLANG_CXX_LIBRARY = "libc++";
				CLANG_ENABLE_MODULES = YES;
				CLANG_ENABLE_OBJC_ARC = YES;
				CLANG_WARN_BOOL_CONVERSION = YES;
				CLANG_WARN_CONSTANT_CONVERSION = YES;
				CLANG_WARN_DIRECT_OBJC_ISA_USAGE = YES_ERROR;
				CLANG_WARN_EMPTY_BODY = YES;
				CLANG_WARN_ENUM_CONVERSION = YES;
				CLANG_WARN_INT_CONVERSION = YES;
				CLANG_WARN_OBJC_ROOT_CLASS = YES_ERROR;
				CLANG_WARN_UNREACHABLE_CODE = YES;
				CLANG_WARN__DUPLICATE_METHOD_MATCH = YES;
				"CODE_SIGN_IDENTITY[sdk=iphoneos*]" = "iPhone Developer";
				COPY_PHASE_STRIP = NO;
				DEBUG_INFORMATION_FORMAT = "dwarf-with-dsym";
				ENABLE_NS_ASSERTIONS = NO;
				ENABLE_STRICT_OBJC_MSGSEND = YES;
				GCC_C_LANGUAGE_STANDARD = gnu99;
				GCC_NO_COMMON_BLOCKS = YES;
				GCC_WARN_64_TO_32_BIT_CONVERSION = YES;
				GCC_WARN_ABOUT_RETURN_TYPE = YES_ERROR;
				GCC_WARN_UNDECLARED_SELECTOR = YES;
				GCC_WARN_UNINITIALIZED_AUTOS = YES_AGGRESSIVE;
				GCC_WARN_UNUSED_FUNCTION = YES;
				GCC_WARN_UNUSED_VARIABLE = YES;
				IPHONEOS_DEPLOYMENT_TARGET = 8.4;
				MTL_ENABLE_DEBUG_INFO = NO;
				SDKROOT = iphoneos;
				VALIDATE_PRODUCT = YES;
			};
			name = Release;
		};
		B5C89E0B1B78ECF0003CA162 /* Debug */ = {
			isa = XCBuildConfiguration;
			buildSettings = {
				ASSETCATALOG_COMPILER_APPICON_NAME = AppIcon;
				INFOPLIST_FILE = SampleApp/Info.plist;
				LD_RUNPATH_SEARCH_PATHS = "$(inherited) @executable_path/Frameworks";
				PRODUCT_NAME = "$(TARGET_NAME)";
			};
			name = Debug;
		};
		B5C89E0C1B78ECF0003CA162 /* Release */ = {
			isa = XCBuildConfiguration;
			buildSettings = {
				ASSETCATALOG_COMPILER_APPICON_NAME = AppIcon;
				INFOPLIST_FILE = SampleApp/Info.plist;
				LD_RUNPATH_SEARCH_PATHS = "$(inherited) @executable_path/Frameworks";
				PRODUCT_NAME = "$(TARGET_NAME)";
			};
			name = Release;
		};
		B5C89E0E1B78ECF0003CA162 /* Debug */ = {
			isa = XCBuildConfiguration;
			buildSettings = {
				BUNDLE_LOADER = "$(TEST_HOST)";
				FRAMEWORK_SEARCH_PATHS = (
					"$(SDKROOT)/Developer/Library/Frameworks",
					"$(inherited)",
				);
				GCC_PREPROCESSOR_DEFINITIONS = (
					"DEBUG=1",
					"$(inherited)",
				);
				INFOPLIST_FILE = SampleAppTests/Info.plist;
				LD_RUNPATH_SEARCH_PATHS = "$(inherited) @executable_path/Frameworks @loader_path/Frameworks";
				PRODUCT_NAME = "$(TARGET_NAME)";
				TEST_HOST = "$(BUILT_PRODUCTS_DIR)/SampleApp.app/SampleApp";
			};
			name = Debug;
		};
		B5C89E0F1B78ECF0003CA162 /* Release */ = {
			isa = XCBuildConfiguration;
			buildSettings = {
				BUNDLE_LOADER = "$(TEST_HOST)";
				FRAMEWORK_SEARCH_PATHS = (
					"$(SDKROOT)/Developer/Library/Frameworks",
					"$(inherited)",
				);
				INFOPLIST_FILE = SampleAppTests/Info.plist;
				LD_RUNPATH_SEARCH_PATHS = "$(inherited) @executable_path/Frameworks @loader_path/Frameworks";
				PRODUCT_NAME = "$(TARGET_NAME)";
				TEST_HOST = "$(BUILT_PRODUCTS_DIR)/SampleApp.app/SampleApp";
			};
			name = Release;
		};
/* End XCBuildConfiguration section */

/* Begin XCConfigurationList section */
		B5C89DE61B78ECF0003CA162 /* Build configuration list for PBXProject "SampleApp" */ = {
			isa = XCConfigurationList;
			buildConfigurations = (
				B5C89E081B78ECF0003CA162 /* Debug */,
				B5C89E091B78ECF0003CA162 /* Release */,
			);
			defaultConfigurationIsVisible = 0;
			defaultConfigurationName = Release;
		};
		B5C89E0A1B78ECF0003CA162 /* Build configuration list for PBXNativeTarget "SampleApp" */ = {
			isa = XCConfigurationList;
			buildConfigurations = (
				B5C89E0B1B78ECF0003CA162 /* Debug */,
				B5C89E0C1B78ECF0003CA162 /* Release */,
			);
			defaultConfigurationIsVisible = 0;
			defaultConfigurationName = Release;
		};
		B5C89E0D1B78ECF0003CA162 /* Build configuration list for PBXNativeTarget "SampleAppTests" */ = {
			isa = XCConfigurationList;
			buildConfigurations = (
				B5C89E0E1B78ECF0003CA162 /* Debug */,
				B5C89E0F1B78ECF0003CA162 /* Release */,
			);
			defaultConfigurationIsVisible = 0;
			defaultConfigurationName = Release;
		};
/* End XCConfigurationList section */
	};
	rootObject = B5C89DE31B78ECF0003CA162 /* Project object */;
}
